
Microsoft Visual Studio Solution File, Format Version 12.00
# Visual Studio Version 16
VisualStudioVersion = 16.0.30413.136
MinimumVisualStudioVersion = 10.0.40219.1
Project("{FAE04EC0-301F-11D3-BF4B-00C04F79EFBC}") = "SwimKids.WebApplication", "SwimKid.WebApplication\SwimKids.WebApplication.csproj", "{A40E4822-B881-42B9-AAB2-C8FA00F09924}"
EndProject
Project("{FAE04EC0-301F-11D3-BF4B-00C04F79EFBC}") = "SwimKids.Data", "SwimKids.Data\SwimKids.Data.csproj", "{838D51AD-4106-4E4A-BFFF-4FE4A8AA91BF}"
EndProject
Global
	GlobalSection(SolutionConfigurationPlatforms) = preSolution
		Debug|Any CPU = Debug|Any CPU
		Release|Any CPU = Release|Any CPU
	EndGlobalSection
	GlobalSection(ProjectConfigurationPlatforms) = postSolution
		{A40E4822-B881-42B9-AAB2-C8FA00F09924}.Debug|Any CPU.ActiveCfg = Debug|Any CPU
		{A40E4822-B881-42B9-AAB2-C8FA00F09924}.Debug|Any CPU.Build.0 = Debug|Any CPU
		{A40E4822-B881-42B9-AAB2-C8FA00F09924}.Release|Any CPU.ActiveCfg = Release|Any CPU
		{A40E4822-B881-42B9-AAB2-C8FA00F09924}.Release|Any CPU.Build.0 = Release|Any CPU
		{838D51AD-4106-4E4A-BFFF-4FE4A8AA91BF}.Debug|Any CPU.ActiveCfg = Debug|Any CPU
		{838D51AD-4106-4E4A-BFFF-4FE4A8AA91BF}.Debug|Any CPU.Build.0 = Debug|Any CPU
		{838D51AD-4106-4E4A-BFFF-4FE4A8AA91BF}.Release|Any CPU.ActiveCfg = Release|Any CPU
		{838D51AD-4106-4E4A-BFFF-4FE4A8AA91BF}.Release|Any CPU.Build.0 = Release|Any CPU
	EndGlobalSection
	GlobalSection(SolutionProperties) = preSolution
		HideSolutionNode = FALSE
	EndGlobalSection
	GlobalSection(ExtensibilityGlobals) = postSolution
		SolutionGuid = {357E874C-4097-4F79-8439-4BDD8830E557}
	EndGlobalSection
EndGlobal
